
Microsoft Visual Studio Solution File, Format Version 12.00
# Visual Studio Version 17
VisualStudioVersion = 17.4.33403.182
MinimumVisualStudioVersion = 10.0.40219.1
Project("{FAE04EC0-301F-11D3-BF4B-00C04F79EFBC}") = "AudtingAPI", "AudtingAPI\AudtingAPI.csproj", "{E544C8E4-574C-4934-B1D0-0FC03B8FFCC2}"
EndProject
Global
	GlobalSection(SolutionConfigurationPlatforms) = preSolution
		Debug|Any CPU = Debug|Any CPU
		Release|Any CPU = Release|Any CPU
	EndGlobalSection
	GlobalSection(ProjectConfigurationPlatforms) = postSolution
		{E544C8E4-574C-4934-B1D0-0FC03B8FFCC2}.Debug|Any CPU.ActiveCfg = Debug|Any CPU
		{E544C8E4-574C-4934-B1D0-0FC03B8FFCC2}.Debug|Any CPU.Build.0 = Debug|Any CPU
		{E544C8E4-574C-4934-B1D0-0FC03B8FFCC2}.Release|Any CPU.ActiveCfg = Release|Any CPU
		{E544C8E4-574C-4934-B1D0-0FC03B8FFCC2}.Release|Any CPU.Build.0 = Release|Any CPU
	EndGlobalSection
	GlobalSection(SolutionProperties) = preSolution
		HideSolutionNode = FALSE
	EndGlobalSection
	GlobalSection(ExtensibilityGlobals) = postSolution
		SolutionGuid = {CDC85F4A-4CFE-4101-A28A-C2357493899F}
	EndGlobalSection
EndGlobal
